
Microsoft Visual Studio Solution File, Format Version 12.00
# Visual Studio Version 16
VisualStudioVersion = 16.0.30717.126
MinimumVisualStudioVersion = 10.0.40219.1
Project("{9A19103F-16F7-4668-BE54-9A1E7A4F7556}") = "TelegramBot", "TelegramBot\TelegramBot.csproj", "{06F13412-DB1B-4BDA-978A-30ED96584EEA}"
EndProject
Project("{E53339B2-1760-4266-BCC7-CA923CBCF16C}") = "docker-compose", "docker-compose.dcproj", "{66B661E9-7205-483D-A068-C2C3E0A7D2E1}"
EndProject
Global
	GlobalSection(SolutionConfigurationPlatforms) = preSolution
		Debug|Any CPU = Debug|Any CPU
		Release|Any CPU = Release|Any CPU
	EndGlobalSection
	GlobalSection(ProjectConfigurationPlatforms) = postSolution
		{06F13412-DB1B-4BDA-978A-30ED96584EEA}.Debug|Any CPU.ActiveCfg = Debug|Any CPU
		{06F13412-DB1B-4BDA-978A-30ED96584EEA}.Debug|Any CPU.Build.0 = Debug|Any CPU
		{06F13412-DB1B-4BDA-978A-30ED96584EEA}.Release|Any CPU.ActiveCfg = Release|Any CPU
		{06F13412-DB1B-4BDA-978A-30ED96584EEA}.Release|Any CPU.Build.0 = Release|Any CPU
		{66B661E9-7205-483D-A068-C2C3E0A7D2E1}.Debug|Any CPU.ActiveCfg = Debug|Any CPU
		{66B661E9-7205-483D-A068-C2C3E0A7D2E1}.Debug|Any CPU.Build.0 = Debug|Any CPU
		{66B661E9-7205-483D-A068-C2C3E0A7D2E1}.Release|Any CPU.ActiveCfg = Release|Any CPU
		{66B661E9-7205-483D-A068-C2C3E0A7D2E1}.Release|Any CPU.Build.0 = Release|Any CPU
	EndGlobalSection
	GlobalSection(SolutionProperties) = preSolution
		HideSolutionNode = FALSE
	EndGlobalSection
	GlobalSection(ExtensibilityGlobals) = postSolution
		SolutionGuid = {0B6F85E0-E95B-43DC-9893-9A081DC035FD}
	EndGlobalSection
EndGlobal
